# Run ./gradlew --write-locks to regenerate this file
com.fasterxml.jackson:jackson-bom:2.13.1 (23 constraints: 8fcb7e1f)
com.fasterxml.jackson.core:jackson-annotations:2.13.1 (19 constraints: 2f666c46)
com.fasterxml.jackson.core:jackson-core:2.13.1 (22 constraints: 81c351cd)
com.fasterxml.jackson.core:jackson-databind:2.13.1 (27 constraints: 94148107)
com.fasterxml.jackson.dataformat:jackson-dataformat-cbor:2.13.1 (13 constraints: 7df88dcf)
com.fasterxml.jackson.dataformat:jackson-dataformat-smile:2.13.1 (13 constraints: 7df88dcf)
com.fasterxml.jackson.dataformat:jackson-dataformat-yaml:2.13.1 (3 constraints: b8321712)
com.fasterxml.jackson.datatype:jackson-datatype-guava:2.13.1 (15 constraints: a4117260)
com.fasterxml.jackson.datatype:jackson-datatype-jdk8:2.13.1 (15 constraints: a4117260)
com.fasterxml.jackson.datatype:jackson-datatype-joda:2.13.1 (13 constraints: 7df88dcf)
com.fasterxml.jackson.datatype:jackson-datatype-jsr310:2.13.1 (13 constraints: 7df88dcf)
com.fasterxml.jackson.module:jackson-module-afterburner:2.13.1 (13 constraints: 7df88dcf)
com.github.ben-manes.caffeine:caffeine:3.0.5 (17 constraints: 3a2ae7aa)
com.google.code.findbugs:jsr305:3.0.2 (22 constraints: a88ec495)
com.google.errorprone:error_prone_annotations:2.10.0 (25 constraints: 41b7091b)
com.google.guava:failureaccess:1.0.1 (20 constraints: 32659219)
com.google.guava:guava:31.0.1-jre (27 constraints: 42102a0c)
com.google.guava:listenablefuture:9999.0-empty-to-avoid-conflict-with-guava (20 constraints: 7576bdc3)
com.google.j2objc:j2objc-annotations:1.3 (20 constraints: 025e8b4a)
com.netflix.nebula:nebula-dependency-recommender:11.0.0 (1 constraints: e61b0462)
com.netflix.nebula:nebula-gradle-interop:1.0.11 (2 constraints: 7830dcf5)
com.palantir.conjure.java:conjure-lib:6.12.0 (11 constraints: 97d9e2c0)
com.palantir.conjure.java.api:errors:2.22.0 (12 constraints: 97e92118)
com.palantir.conjure.java.api:service-config:2.22.0 (12 constraints: 97e92118)
com.palantir.conjure.java.api:ssl-config:2.22.0 (13 constraints: 56fc57cd)
com.palantir.conjure.java.runtime:client-config:7.22.0 (8 constraints: b889934b)
com.palantir.conjure.java.runtime:conjure-java-jackson-optimizations:7.22.0 (9 constraints: 38a63bd4)
com.palantir.conjure.java.runtime:conjure-java-jackson-serialization:7.22.0 (8 constraints: b889934b)
com.palantir.conjure.java.runtime:keystores:7.22.0 (9 constraints: d49d2dda)
com.palantir.dialogue:dialogue-apache-hc5-client:3.38.0 (6 constraints: f180c014)
com.palantir.dialogue:dialogue-blocking-channels:3.38.0 (7 constraints: 1394ad97)
com.palantir.dialogue:dialogue-clients:3.38.0 (2 constraints: 611599db)
com.palantir.dialogue:dialogue-core:3.38.0 (7 constraints: f294f5c5)
com.palantir.dialogue:dialogue-futures:3.38.0 (8 constraints: 09a4a65d)
com.palantir.dialogue:dialogue-serde:3.38.0 (6 constraints: f180c014)
com.palantir.dialogue:dialogue-target:3.38.0 (11 constraints: 01ce8929)
com.palantir.gradle.consistentversions:gradle-consistent-versions:2.5.0 (1 constraints: 09050436)
com.palantir.refreshable:refreshable:2.1.0 (12 constraints: 33e7e230)
com.palantir.ri:resource-identifier:2.2.0 (12 constraints: 3ae7c334)
com.palantir.safe-logging:logger:1.20.0 (21 constraints: 9176458c)
com.palantir.safe-logging:logger-slf4j:1.20.0 (19 constraints: 0951d9a8)
com.palantir.safe-logging:logger-spi:1.20.0 (20 constraints: 46615b2e)
com.palantir.safe-logging:preconditions:1.20.0 (27 constraints: 0adad8e6)
com.palantir.safe-logging:safe-logging:1.20.0 (24 constraints: 50a5d9a8)
com.palantir.safethreadlocalrandom:safe-thread-local-random:0.1.0 (12 constraints: 1be75a16)
com.palantir.sls-packaging:gradle-recommended-product-dependencies:7.13.0 (2 constraints: 2319d4d5)
com.palantir.sls-packaging:gradle-sls-packaging:7.13.0 (1 constraints: 3d05563b)
com.palantir.sls.versions:sls-versions:1.2.0 (1 constraints: 501bc845)
com.palantir.tokens:auth-tokens:3.10.0 (13 constraints: 3cfc53ad)
com.palantir.tracing:tracing:6.7.0 (17 constraints: 8833668e)
com.palantir.tracing:tracing-api:6.7.0 (17 constraints: 2132bebf)
com.palantir.tritium:tritium-api:0.35.0 (15 constraints: a5198573)
com.palantir.tritium:tritium-core:0.35.0 (15 constraints: 3619f94f)
com.palantir.tritium:tritium-metrics:0.35.0 (15 constraints: e817c8f2)
com.palantir.tritium:tritium-registry:0.35.0 (15 constraints: 66179ed7)
commons-codec:commons-codec:1.15 (13 constraints: 47f86e7a)
commons-io:commons-io:2.11.0 (3 constraints: 2e1b7bb5)
io.bit3:jsass:5.10.4 (1 constraints: 3c05453b)
io.dropwizard.metrics:metrics-core:4.1.2 (16 constraints: 2d255b49)
io.undertow:undertow-core:2.2.14.Final (4 constraints: c438cb08)
jakarta.annotation:jakarta.annotation-api:1.3.5 (14 constraints: 3102a05e)
jakarta.ws.rs:jakarta.ws.rs-api:2.1.6 (14 constraints: 3102a05e)
javax.inject:javax.inject:1 (2 constraints: 9529d96d)
joda-time:joda-time:2.10.13 (13 constraints: 1f02d06d)
junit:junit:4.13.2 (3 constraints: 70276c51)
org.apache.commons:commons-compress:1.20 (1 constraints: d704f330)
org.apache.commons:commons-lang3:3.12.0 (8 constraints: 8280d5ed)
org.apache.commons:commons-text:1.8 (1 constraints: 19067c47)
org.apache.httpcomponents.client5:httpclient5:5.1.2 (13 constraints: c4f698e0)
org.apache.httpcomponents.core5:httpcore5:5.1.3 (14 constraints: 170de491)
org.apache.httpcomponents.core5:httpcore5-h2:5.1.3 (13 constraints: b1fa3e88)
org.apache.maven:maven-artifact:3.8.2 (2 constraints: 252b38a7)
org.apache.maven:maven-builder-support:3.8.2 (2 constraints: 252b38a7)
org.apache.maven:maven-model:3.8.2 (2 constraints: 252b38a7)
org.apache.maven:maven-model-builder:3.8.2 (2 constraints: 2c301ca6)
org.checkerframework:checker-qual:3.19.0 (21 constraints: 8679aea7)
org.codehaus.plexus:plexus-interpolation:1.25 (2 constraints: bf2a7457)
org.codehaus.plexus:plexus-utils:3.2.1 (4 constraints: e6444eac)
org.eclipse.sisu:org.eclipse.sisu.inject:0.3.4 (2 constraints: 192bf2a5)
org.hamcrest:hamcrest:2.2 (2 constraints: 43187376)
org.hamcrest:hamcrest-core:2.2 (2 constraints: 38166cea)
org.hdrhistogram:HdrHistogram:2.1.12 (16 constraints: 1128a3c5)
org.immutables:value:2.8.8 (20 constraints: 62615485)
org.jboss.logging:jboss-logging:3.4.1.Final (10 constraints: 7bc95952)
org.jboss.threads:jboss-threads:3.1.0.Final (3 constraints: 562c52bf)
org.jboss.xnio:xnio-api:3.8.4.Final (5 constraints: 604b0a39)
org.jboss.xnio:xnio-nio:3.8.4.Final (4 constraints: b43e39e0)
org.jetbrains:annotations:20.1.0 (3 constraints: 2a389305)
org.jetbrains.kotlin:kotlin-stdlib:1.3.50 (3 constraints: aa3d9bf3)
org.jetbrains.kotlin:kotlin-stdlib-common:1.3.50 (2 constraints: 2e2bb2a9)
org.jetbrains.kotlin:kotlin-stdlib-jdk7:1.3.50 (2 constraints: cc2c868d)
org.jetbrains.kotlin:kotlin-stdlib-jdk8:1.3.50 (2 constraints: 442d2358)
org.mpierce.metrics.reservoir:hdrhistogram-metrics-reservoir:1.1.3 (16 constraints: 01259ef6)
org.sharegov:mjson:1.4.1 (1 constraints: 74062f54)
org.slf4j:slf4j-api:1.7.32 (26 constraints: 26b5357b)
org.wildfly.client:wildfly-client-config:1.0.1.Final (2 constraints: 951e26b4)
org.wildfly.common:wildfly-common:1.5.2.Final (4 constraints: cd411c1c)
org.yaml:snakeyaml:1.28 (2 constraints: 3627cad0)

[Test dependencies]
cglib:cglib-nodep:3.3.0 (2 constraints: 7a1acf3c)
com.github.jknack:handlebars:4.3.0 (2 constraints: 511f9ad1)
com.github.jknack:handlebars-helpers:4.3.0 (1 constraints: b50f8b8d)
com.github.tomakehurst:wiremock-jre8:2.32.0 (1 constraints: 39053d3b)
com.jayway.jsonpath:json-path:2.6.0 (1 constraints: b60f8a8d)
com.netflix.nebula:nebula-test:10.2.0 (1 constraints: 35052d3b)
commons-fileupload:commons-fileupload:1.4 (1 constraints: 550f496e)
javax.servlet:javax.servlet-api:3.1.0 (1 constraints: 830dcc28)
net.bytebuddy:byte-buddy:1.12.6 (5 constraints: dc4b27f0)
net.javacrumbs.json-unit:json-unit-core:2.28.0 (1 constraints: ea0f7a9d)
net.minidev:accessors-smart:2.4.7 (1 constraints: 4e0a90b8)
net.minidev:json-smart:2.4.7 (2 constraints: c41c7bfc)
net.sf.jopt-simple:jopt-simple:5.0.4 (3 constraints: a4292810)
org.assertj:assertj-core:3.20.2 (2 constraints: 6b178948)
org.codehaus.groovy:groovy:3.0.9 (2 constraints: 241bc56d)
org.eclipse.jetty:jetty-alpn-client:9.4.44.v20210927 (3 constraints: 4137e180)
org.eclipse.jetty:jetty-alpn-java-client:9.4.44.v20210927 (1 constraints: a60ed58f)
org.eclipse.jetty:jetty-alpn-java-server:9.4.44.v20210927 (1 constraints: a60ed58f)
org.eclipse.jetty:jetty-alpn-openjdk8-client:9.4.44.v20210927 (1 constraints: a60ed58f)
org.eclipse.jetty:jetty-alpn-openjdk8-server:9.4.44.v20210927 (1 constraints: a60ed58f)
org.eclipse.jetty:jetty-alpn-server:9.4.44.v20210927 (3 constraints: 71377194)
org.eclipse.jetty:jetty-bom:9.4.44.v20210927 (1 constraints: 2e12244a)
org.eclipse.jetty:jetty-client:9.4.44.v20210927 (2 constraints: 4f1eaa18)
org.eclipse.jetty:jetty-continuation:9.4.44.v20210927 (2 constraints: 851fa581)
org.eclipse.jetty:jetty-http:9.4.44.v20210927 (5 constraints: b950082c)
org.eclipse.jetty:jetty-io:9.4.44.v20210927 (9 constraints: 699ab937)
org.eclipse.jetty:jetty-proxy:9.4.44.v20210927 (1 constraints: a60ed58f)
org.eclipse.jetty:jetty-security:9.4.44.v20210927 (2 constraints: 121f3b5d)
org.eclipse.jetty:jetty-server:9.4.44.v20210927 (4 constraints: 3b4368a2)
org.eclipse.jetty:jetty-servlet:9.4.44.v20210927 (2 constraints: 8c1e7437)
org.eclipse.jetty:jetty-servlets:9.4.44.v20210927 (1 constraints: a60ed58f)
org.eclipse.jetty:jetty-util:9.4.44.v20210927 (8 constraints: 927deb15)
org.eclipse.jetty:jetty-util-ajax:9.4.44.v20210927 (2 constraints: 121f3b5d)
org.eclipse.jetty:jetty-webapp:9.4.44.v20210927 (1 constraints: a60ed58f)
org.eclipse.jetty:jetty-xml:9.4.44.v20210927 (2 constraints: 8c1e7437)
org.eclipse.jetty.http2:http2-common:9.4.44.v20210927 (2 constraints: 8620c300)
org.eclipse.jetty.http2:http2-hpack:9.4.44.v20210927 (2 constraints: 78204fff)
org.eclipse.jetty.http2:http2-server:9.4.44.v20210927 (1 constraints: a60ed58f)
org.junit:junit-bom:5.8.2 (10 constraints: 61a4fd4a)
org.junit.jupiter:junit-jupiter:5.8.2 (2 constraints: 260e7a59)
org.junit.jupiter:junit-jupiter-api:5.8.2 (4 constraints: 8b385c34)
org.junit.jupiter:junit-jupiter-engine:5.8.2 (2 constraints: 2117d23c)
org.junit.jupiter:junit-jupiter-params:5.8.2 (2 constraints: 2117d23c)
org.junit.platform:junit-platform-commons:1.8.2 (3 constraints: ee29ed2b)
org.junit.platform:junit-platform-engine:1.8.2 (4 constraints: 863c7bdc)
org.junit.platform:junit-platform-launcher:1.8.2 (2 constraints: 121b944a)
org.junit.platform:junit-platform-testkit:1.8.2 (1 constraints: 12097995)
org.junit.vintage:junit-vintage-engine:5.8.2 (1 constraints: 16098d95)
org.objenesis:objenesis:3.2 (2 constraints: bc193ee0)
org.opentest4j:opentest4j:1.2.0 (3 constraints: c53224a1)
org.ow2.asm:asm:9.2 (2 constraints: 331c169c)
org.spockframework:spock-core:2.1-M2-groovy-3.0 (2 constraints: e622905a)
org.spockframework:spock-junit4:2.1-M2-groovy-3.0 (1 constraints: 241154df)
org.xmlunit:xmlunit-core:2.8.3 (3 constraints: 6c2a456e)
org.xmlunit:xmlunit-legacy:2.8.3 (1 constraints: bb0f938d)
org.xmlunit:xmlunit-placeholders:2.8.3 (1 constraints: bb0f938d)
