# Run ./gradlew --write-locks to regenerate this file
ch.randelshofer:fastdoubleparser:0.8.0 (1 constraints: ca1058c0)
com.fasterxml.jackson:jackson-bom:2.15.0 (12 constraints: a5018c7b)
com.fasterxml.jackson.core:jackson-annotations:2.15.0 (8 constraints: 358c23de)
com.fasterxml.jackson.core:jackson-core:2.15.0 (11 constraints: 8ae9c469)
com.fasterxml.jackson.core:jackson-databind:2.15.0 (21 constraints: 0caca161)
com.fasterxml.jackson.dataformat:jackson-dataformat-cbor:2.15.0 (2 constraints: 362b5487)
com.fasterxml.jackson.dataformat:jackson-dataformat-smile:2.15.0 (2 constraints: 362b5487)
com.fasterxml.jackson.dataformat:jackson-dataformat-yaml:2.15.0 (2 constraints: 9c229e1d)
com.fasterxml.jackson.datatype:jackson-datatype-guava:2.15.0 (4 constraints: 5344cd73)
com.fasterxml.jackson.datatype:jackson-datatype-jdk8:2.15.0 (4 constraints: 5344cd73)
com.fasterxml.jackson.datatype:jackson-datatype-joda:2.15.0 (2 constraints: 362b5487)
com.fasterxml.jackson.datatype:jackson-datatype-jsr310:2.15.0 (2 constraints: 362b5487)
com.fasterxml.jackson.module:jackson-module-afterburner:2.15.0 (2 constraints: 522b4f89)
com.github.ben-manes.caffeine:caffeine:3.1.6 (5 constraints: 20475903)
com.google.code.findbugs:jsr305:3.0.2 (14 constraints: 60e17779)
com.google.errorprone:error_prone_annotations:2.18.0 (19 constraints: a13a5986)
com.google.guava:failureaccess:1.0.1 (1 constraints: 140ae1b4)
com.google.guava:guava:31.1-jre (22 constraints: b89eb55e)
com.google.guava:listenablefuture:9999.0-empty-to-avoid-conflict-with-guava (1 constraints: bd17c918)
com.google.j2objc:j2objc-annotations:1.3 (1 constraints: b809eda0)
com.netflix.nebula:nebula-dependency-recommender:11.0.0 (1 constraints: e61b0462)
com.netflix.nebula:nebula-gradle-interop:1.0.11 (1 constraints: 9214098d)
com.palantir.conjure.java:conjure-lib:7.8.0 (2 constraints: c91fb9f4)
com.palantir.conjure.java.api:errors:2.35.0 (2 constraints: f71f4128)
com.palantir.conjure.java.api:service-config:2.35.0 (4 constraints: 3848bc4d)
com.palantir.conjure.java.api:ssl-config:2.35.0 (3 constraints: 5a369706)
com.palantir.conjure.java.runtime:client-config:7.55.0 (3 constraints: 323466fe)
com.palantir.conjure.java.runtime:conjure-java-jackson-optimizations:7.55.0 (1 constraints: 871ccda4)
com.palantir.conjure.java.runtime:conjure-java-jackson-serialization:7.55.0 (1 constraints: dd0f9c98)
com.palantir.conjure.java.runtime:keystores:7.55.0 (2 constraints: de2403fc)
com.palantir.dialogue:dialogue-apache-hc5-client:3.83.0 (1 constraints: b91051be)
com.palantir.dialogue:dialogue-blocking-channels:3.83.0 (2 constraints: db239bb3)
com.palantir.dialogue:dialogue-clients:3.83.0 (1 constraints: 40055a3b)
com.palantir.dialogue:dialogue-core:3.83.0 (2 constraints: ba247301)
com.palantir.dialogue:dialogue-futures:3.83.0 (3 constraints: d13395be)
com.palantir.dialogue:dialogue-serde:3.83.0 (1 constraints: b91051be)
com.palantir.dialogue:dialogue-target:3.83.0 (6 constraints: c95d35a6)
com.palantir.gradle.consistentversions:gradle-consistent-versions:2.12.0 (1 constraints: 3705353b)
com.palantir.refreshable:refreshable:2.2.0 (2 constraints: 642473b7)
com.palantir.ri:resource-identifier:2.5.0 (3 constraints: a72f8136)
com.palantir.safe-logging:logger:3.4.0 (16 constraints: 90173545)
com.palantir.safe-logging:logger-slf4j:3.4.0 (1 constraints: 020e5f42)
com.palantir.safe-logging:logger-spi:3.4.0 (2 constraints: 131e037b)
com.palantir.safe-logging:preconditions:3.4.0 (24 constraints: eb9d032f)
com.palantir.safe-logging:safe-logging:3.4.0 (18 constraints: 71288f18)
com.palantir.safethreadlocalrandom:safe-thread-local-random:0.1.0 (3 constraints: 933225f9)
com.palantir.sls-packaging:gradle-recommended-product-dependencies:7.35.0 (2 constraints: 2b19d4d6)
com.palantir.sls-packaging:gradle-sls-packaging:7.35.0 (1 constraints: 4105643b)
com.palantir.sls-packaging:gradle-sls-packaging-api:7.35.0 (1 constraints: eb132170)
com.palantir.sls.versions:sls-versions:1.5.0 (1 constraints: 531bd145)
com.palantir.tokens:auth-tokens:3.17.0 (4 constraints: 0743951c)
com.palantir.tracing:tracing:6.17.0 (4 constraints: d2478de6)
com.palantir.tracing:tracing-api:6.17.0 (3 constraints: 46306be6)
com.palantir.tritium:tritium-api:0.67.0 (2 constraints: 3b1fdabd)
com.palantir.tritium:tritium-core:0.67.0 (1 constraints: 451055a2)
com.palantir.tritium:tritium-metrics:0.67.0 (4 constraints: ce472fe5)
com.palantir.tritium:tritium-registry:0.67.0 (8 constraints: 69995126)
commons-io:commons-io:2.11.0 (3 constraints: 2e1b7bb5)
io.bit3:jsass:5.10.5 (1 constraints: 3d05463b)
io.dropwizard.metrics:metrics-core:4.2.18 (5 constraints: 5b54267e)
io.undertow:undertow-core:2.3.5.Final (1 constraints: 2407d95a)
javax.annotation:javax.annotation-api:1.3.2 (1 constraints: ee0f7099)
javax.inject:javax.inject:1 (1 constraints: 9d0e8743)
joda-time:joda-time:2.10.14 (1 constraints: 5b160f08)
junit:junit:4.13.2 (3 constraints: 70276c51)
org.apache.commons:commons-compress:1.23.0 (1 constraints: 3805363b)
org.apache.commons:commons-lang3:3.12.0 (6 constraints: 2e5510b7)
org.apache.commons:commons-text:1.10.0 (1 constraints: a006c75a)
org.apache.httpcomponents.client5:httpclient5:5.2.1 (2 constraints: 8223e57b)
org.apache.httpcomponents.core5:httpcore5:5.2.1 (3 constraints: 9f383c39)
org.apache.httpcomponents.core5:httpcore5-h2:5.2 (1 constraints: dd12c315)
org.apache.maven:maven-artifact:3.8.2 (1 constraints: 650ff37f)
org.apache.maven:maven-builder-support:3.8.2 (1 constraints: 650ff37f)
org.apache.maven:maven-model:3.8.2 (1 constraints: 650ff37f)
org.apache.maven:maven-model-builder:3.8.2 (1 constraints: 6c149a78)
org.checkerframework:checker-qual:3.33.0 (2 constraints: 761ac674)
org.codehaus.plexus:plexus-interpolation:1.25 (1 constraints: 320f8170)
org.codehaus.plexus:plexus-utils:3.2.1 (3 constraints: 2d293a2f)
org.eclipse.sisu:org.eclipse.sisu.inject:0.3.4 (1 constraints: 5f0fd77f)
org.hamcrest:hamcrest:2.2 (2 constraints: 43187376)
org.hamcrest:hamcrest-core:2.2 (2 constraints: 38166cea)
org.hdrhistogram:HdrHistogram:2.1.12 (1 constraints: 3e103aa2)
org.immutables:value:2.9.3 (1 constraints: 10051336)
org.jboss.logging:jboss-logging:3.4.3.Final (3 constraints: f2300ed8)
org.jboss.threads:jboss-threads:3.5.0.Final (2 constraints: 5a1a5743)
org.jboss.xnio:xnio-api:3.8.8.Final (2 constraints: 791a6546)
org.jboss.xnio:xnio-nio:3.8.8.Final (1 constraints: c90dd230)
org.jetbrains:annotations:24.0.1 (3 constraints: da2fbd33)
org.jetbrains.kotlin:kotlin-stdlib:1.3.50 (2 constraints: be218de0)
org.jetbrains.kotlin:kotlin-stdlib-common:1.3.50 (1 constraints: 420fc67a)
org.jetbrains.kotlin:kotlin-stdlib-jdk7:1.3.50 (1 constraints: e010efd2)
org.jetbrains.kotlin:kotlin-stdlib-jdk8:1.3.50 (1 constraints: 58113be1)
org.mpierce.metrics.reservoir:hdrhistogram-metrics-reservoir:1.1.3 (1 constraints: 0d10f991)
org.ow2.asm:asm:9.4 (2 constraints: 5426bf41)
org.sharegov:mjson:1.4.1 (1 constraints: 74062f54)
org.slf4j:slf4j-api:1.7.36 (10 constraints: 458f2951)
org.wildfly.client:wildfly-client-config:1.0.1.Final (1 constraints: 940c6308)
org.wildfly.common:wildfly-common:1.5.4.Final (2 constraints: 741cfbf1)
org.yaml:snakeyaml:2.0 (1 constraints: 3a178910)

[Test dependencies]
cglib:cglib-nodep:3.2.2 (1 constraints: 490ded24)
com.github.jknack:handlebars:4.3.1 (2 constraints: 531fc9d1)
com.github.jknack:handlebars-helpers:4.3.1 (1 constraints: b60f8c8d)
com.github.tomakehurst:wiremock-jre8:2.35.0 (1 constraints: 3c05463b)
com.jayway.jsonpath:json-path:2.7.0 (1 constraints: b70f8d8d)
com.netflix.nebula:nebula-test:10.5.0 (1 constraints: 3805363b)
commons-fileupload:commons-fileupload:1.4 (1 constraints: 550f496e)
javax.servlet:javax.servlet-api:3.1.0 (1 constraints: 830dcc28)
net.bytebuddy:byte-buddy:1.12.21 (1 constraints: 7d0bbfea)
net.javacrumbs.json-unit:json-unit-core:2.36.0 (1 constraints: e90f789d)
net.minidev:accessors-smart:2.4.8 (1 constraints: 4f0a91b8)
net.minidev:json-smart:2.4.8 (2 constraints: c51ca2fc)
net.sf.jopt-simple:jopt-simple:5.0.4 (1 constraints: b70f8b8d)
org.assertj:assertj-core:3.24.2 (1 constraints: 3d05473b)
org.codehaus.groovy:groovy:3.0.12 (2 constraints: 781b1f9d)
org.eclipse.jetty:jetty-alpn-client:9.4.49.v20220914 (3 constraints: 4737c282)
org.eclipse.jetty:jetty-alpn-java-client:9.4.49.v20220914 (1 constraints: a80e0c90)
org.eclipse.jetty:jetty-alpn-java-server:9.4.49.v20220914 (1 constraints: a80e0c90)
org.eclipse.jetty:jetty-alpn-openjdk8-client:9.4.49.v20220914 (1 constraints: a80e0c90)
org.eclipse.jetty:jetty-alpn-openjdk8-server:9.4.49.v20220914 (1 constraints: a80e0c90)
org.eclipse.jetty:jetty-alpn-server:9.4.49.v20220914 (3 constraints: 77375296)
org.eclipse.jetty:jetty-bom:9.4.49.v20220914 (1 constraints: 30125b4a)
org.eclipse.jetty:jetty-client:9.4.49.v20220914 (2 constraints: 531e7a19)
org.eclipse.jetty:jetty-continuation:9.4.49.v20220914 (2 constraints: 891f7b82)
org.eclipse.jetty:jetty-http:9.4.49.v20220914 (5 constraints: c3503731)
org.eclipse.jetty:jetty-io:9.4.49.v20220914 (9 constraints: 7b9a4a48)
org.eclipse.jetty:jetty-proxy:9.4.49.v20220914 (1 constraints: a80e0c90)
org.eclipse.jetty:jetty-security:9.4.49.v20220914 (2 constraints: 161f0f5e)
org.eclipse.jetty:jetty-server:9.4.49.v20220914 (4 constraints: 4343c2a5)
org.eclipse.jetty:jetty-servlet:9.4.49.v20220914 (2 constraints: 901e4638)
org.eclipse.jetty:jetty-servlets:9.4.49.v20220914 (1 constraints: a80e0c90)
org.eclipse.jetty:jetty-util:9.4.49.v20220914 (8 constraints: a27dc922)
org.eclipse.jetty:jetty-util-ajax:9.4.49.v20220914 (2 constraints: 161f0f5e)
org.eclipse.jetty:jetty-webapp:9.4.49.v20220914 (1 constraints: a80e0c90)
org.eclipse.jetty:jetty-xml:9.4.49.v20220914 (2 constraints: 901e4638)
org.eclipse.jetty.http2:http2-common:9.4.49.v20220914 (2 constraints: 8a20a101)
org.eclipse.jetty.http2:http2-hpack:9.4.49.v20220914 (2 constraints: 7c203c00)
org.eclipse.jetty.http2:http2-server:9.4.49.v20220914 (1 constraints: a80e0c90)
org.junit:junit-bom:5.9.3 (8 constraints: 1d802df3)
org.junit.jupiter:junit-jupiter:5.9.3 (2 constraints: 2a0eba59)
org.junit.jupiter:junit-jupiter-api:5.9.3 (4 constraints: 93389236)
org.junit.jupiter:junit-jupiter-engine:5.9.3 (2 constraints: 25172a3d)
org.junit.jupiter:junit-jupiter-params:5.9.3 (2 constraints: 25172a3d)
org.junit.platform:junit-platform-commons:1.9.3 (3 constraints: f429152d)
org.junit.platform:junit-platform-engine:1.9.3 (3 constraints: 422aeb5e)
org.junit.vintage:junit-vintage-engine:5.9.3 (1 constraints: 18099195)
org.objenesis:objenesis:2.4 (1 constraints: ea0c8c0a)
org.opentest4j:opentest4j:1.2.0 (2 constraints: cd205b49)
org.spockframework:spock-core:2.3-groovy-3.0 (2 constraints: 922109a6)
org.spockframework:spock-junit4:2.3-groovy-3.0 (1 constraints: 7a1000b0)
org.xmlunit:xmlunit-core:2.9.0 (3 constraints: 662a5b6d)
org.xmlunit:xmlunit-legacy:2.9.0 (1 constraints: b90f938d)
org.xmlunit:xmlunit-placeholders:2.9.0 (1 constraints: b90f938d)
