# Run ./gradlew --write-locks to regenerate this file
com.fasterxml.jackson:jackson-bom:2.12.3 (9 constraints: 4cc2bd60)
com.fasterxml.jackson.core:jackson-annotations:2.12.3 (10 constraints: b0a80350)
com.fasterxml.jackson.core:jackson-core:2.12.3 (13 constraints: 47062120)
com.fasterxml.jackson.core:jackson-databind:2.12.3 (21 constraints: 7b965e80)
com.fasterxml.jackson.dataformat:jackson-dataformat-cbor:2.12.3 (2 constraints: 332b4787)
com.fasterxml.jackson.dataformat:jackson-dataformat-smile:2.12.3 (2 constraints: 332b4787)
com.fasterxml.jackson.dataformat:jackson-dataformat-yaml:2.12.3 (2 constraints: 98228e1d)
com.fasterxml.jackson.datatype:jackson-datatype-guava:2.12.3 (4 constraints: 4c440573)
com.fasterxml.jackson.datatype:jackson-datatype-jdk8:2.12.3 (4 constraints: 3a3deb80)
com.fasterxml.jackson.datatype:jackson-datatype-joda:2.12.3 (2 constraints: 332b4787)
com.fasterxml.jackson.datatype:jackson-datatype-jsr310:2.12.3 (2 constraints: 332b4787)
com.fasterxml.jackson.module:jackson-module-afterburner:2.12.3 (3 constraints: 01381f07)
com.github.ben-manes.caffeine:caffeine:3.0.0 (4 constraints: 793787b7)
com.google.code.findbugs:jsr305:3.0.2 (14 constraints: 5fe17679)
com.google.errorprone:error_prone_annotations:2.6.0 (14 constraints: 10e00142)
com.google.guava:failureaccess:1.0.1 (1 constraints: 140ae1b4)
com.google.guava:guava:30.1.1-jre (23 constraints: 7daef2d3)
com.google.guava:listenablefuture:9999.0-empty-to-avoid-conflict-with-guava (1 constraints: bd17c918)
com.google.j2objc:j2objc-annotations:1.3 (1 constraints: b809eda0)
com.netflix.nebula:nebula-dependency-recommender:9.1.0 (1 constraints: be1b4146)
com.netflix.nebula:nebula-gradle-interop:1.0.11 (1 constraints: 9214098d)
com.palantir.conjure.java:conjure-lib:5.57.0 (2 constraints: 2d20c82d)
com.palantir.conjure.java.api:errors:2.16.2 (2 constraints: f91f6928)
com.palantir.conjure.java.api:service-config:2.16.2 (4 constraints: 3c48d14e)
com.palantir.conjure.java.api:ssl-config:2.16.2 (2 constraints: a8252139)
com.palantir.conjure.java.runtime:client-config:6.15.0 (3 constraints: 233472fb)
com.palantir.conjure.java.runtime:conjure-java-jackson-serialization:6.15.0 (1 constraints: d80f8698)
com.palantir.conjure.java.runtime:keystores:6.15.0 (2 constraints: d424e7fa)
com.palantir.dialogue:dialogue-apache-hc5-client:1.118.1 (1 constraints: e7101ccf)
com.palantir.dialogue:dialogue-blocking-channels:1.118.1 (2 constraints: 37240ef4)
com.palantir.dialogue:dialogue-clients:1.118.1 (1 constraints: 6e05ac40)
com.palantir.dialogue:dialogue-core:1.118.1 (2 constraints: 16252143)
com.palantir.dialogue:dialogue-futures:1.118.1 (3 constraints: 5b345444)
com.palantir.dialogue:dialogue-serde:1.118.1 (1 constraints: e7101ccf)
com.palantir.dialogue:dialogue-target:1.118.1 (6 constraints: dd5ec562)
com.palantir.gradle.consistentversions:gradle-consistent-versions:1.26.1 (1 constraints: 3c05403b)
com.palantir.refreshable:refreshable:1.2.0 (2 constraints: 62243ab7)
com.palantir.ri:resource-identifier:1.1.0 (3 constraints: 982fa133)
com.palantir.safe-logging:preconditions:1.14.0 (23 constraints: 818c328d)
com.palantir.safe-logging:safe-logging:1.14.0 (15 constraints: ebfd2e7b)
com.palantir.safethreadlocalrandom:safe-thread-local-random:0.1.0 (3 constraints: 933225f9)
com.palantir.sls-packaging:gradle-recommended-product-dependencies:5.0.0 (2 constraints: b7187aab)
com.palantir.sls-packaging:gradle-sls-packaging:5.0.0 (1 constraints: 07050436)
com.palantir.sls.versions:sls-versions:0.14.0 (1 constraints: 821b4c61)
com.palantir.tokens:auth-tokens:3.8.1 (4 constraints: 49427d3f)
com.palantir.tracing:tracing:4.18.0 (4 constraints: ce474be5)
com.palantir.tracing:tracing-api:4.18.0 (3 constraints: 4330d7e5)
com.palantir.tritium:tritium-api:0.18.8 (2 constraints: 431f80be)
com.palantir.tritium:tritium-core:0.18.8 (1 constraints: 49104ca2)
com.palantir.tritium:tritium-metrics:0.18.8 (4 constraints: de4783e9)
com.palantir.tritium:tritium-registry:0.18.8 (7 constraints: 017d54e6)
commons-codec:commons-codec:1.13 (2 constraints: fc225bf7)
commons-io:commons-io:2.8.0 (4 constraints: 20289088)
io.bit3:jsass:5.10.4 (1 constraints: 3c05453b)
io.dropwizard.metrics:metrics-core:3.2.6 (5 constraints: 5553321f)
io.undertow:undertow-core:2.2.7.Final (1 constraints: 2507de5a)
jakarta.annotation:jakarta.annotation-api:1.3.5 (1 constraints: f10f7399)
jakarta.ws.rs:jakarta.ws.rs-api:2.1.6 (2 constraints: 951f64ef)
javax.inject:javax.inject:1 (1 constraints: 9d0e8743)
joda-time:joda-time:2.10.8 (1 constraints: 2e16acf1)
junit:junit:4.13.1 (4 constraints: b2347524)
org.apache.commons:commons-compress:1.20 (1 constraints: d704f330)
org.apache.commons:commons-lang3:3.9 (5 constraints: 11407ef6)
org.apache.commons:commons-text:1.8 (1 constraints: 19067c47)
org.apache.httpcomponents.client5:httpclient5:5.0.3 (1 constraints: cc13926e)
org.apache.httpcomponents.core5:httpcore5:5.1 (3 constraints: fb38c8bc)
org.apache.httpcomponents.core5:httpcore5-h2:5.0.2 (1 constraints: 3b13053c)
org.apache.maven:maven-artifact:3.6.2 (1 constraints: 630fed7f)
org.apache.maven:maven-builder-support:3.6.2 (1 constraints: 630fed7f)
org.apache.maven:maven-model:3.6.2 (1 constraints: 630fed7f)
org.apache.maven:maven-model-builder:3.6.2 (1 constraints: 6a149478)
org.checkerframework:checker-qual:3.10.0 (2 constraints: 461ab359)
org.codehaus.plexus:plexus-interpolation:1.25 (1 constraints: 320f8170)
org.codehaus.plexus:plexus-utils:3.2.1 (3 constraints: 2d293a2f)
org.eclipse.sisu:org.eclipse.sisu.inject:0.3.3 (1 constraints: 5e0fd67f)
org.hamcrest:hamcrest:2.1 (1 constraints: 710b94d5)
org.hamcrest:hamcrest-core:2.1 (2 constraints: 37166bea)
org.hdrhistogram:HdrHistogram:2.1.12 (1 constraints: 3e103aa2)
org.immutables:value:2.8.8 (1 constraints: 14051536)
org.jboss.logging:jboss-logging:3.4.1.Final (3 constraints: f03036d7)
org.jboss.threads:jboss-threads:3.1.0.Final (2 constraints: 531a8642)
org.jboss.xnio:xnio-api:3.8.0.Final (2 constraints: 691ac544)
org.jboss.xnio:xnio-nio:3.8.0.Final (1 constraints: c10d9a30)
org.jetbrains:annotations:13.0 (1 constraints: df0e795c)
org.jetbrains.kotlin:kotlin-stdlib:1.3.50 (2 constraints: be218de0)
org.jetbrains.kotlin:kotlin-stdlib-common:1.3.50 (1 constraints: 420fc67a)
org.jetbrains.kotlin:kotlin-stdlib-jdk7:1.3.50 (1 constraints: e010efd2)
org.jetbrains.kotlin:kotlin-stdlib-jdk8:1.3.50 (1 constraints: 58113be1)
org.mpierce.metrics.reservoir:hdrhistogram-metrics-reservoir:1.1.2 (1 constraints: 0c10f891)
org.sharegov:mjson:1.4.1 (1 constraints: 74062f54)
org.slf4j:slf4j-api:1.7.30 (21 constraints: 9b4b494e)
org.wildfly.client:wildfly-client-config:1.0.1.Final (1 constraints: 940c6308)
org.wildfly.common:wildfly-common:1.5.2.Final (3 constraints: c62f0652)
org.yaml:snakeyaml:1.27 (1 constraints: 7217fa27)

[Test dependencies]
cglib:cglib-nodep:3.2.2 (1 constraints: 490ded24)
com.flipkart.zjsonpatch:zjsonpatch:0.4.4 (1 constraints: b60f7e8d)
com.github.jknack:handlebars:4.2.0 (2 constraints: 4f1f67d1)
com.github.jknack:handlebars-helpers:4.2.0 (1 constraints: b40f888d)
com.github.tomakehurst:wiremock-jre8:2.27.2 (1 constraints: 3f054a3b)
com.jayway.jsonpath:json-path:2.4.0 (1 constraints: b40f848d)
com.netflix.nebula:nebula-test:8.1.0 (1 constraints: 0b051636)
commons-fileupload:commons-fileupload:1.4 (1 constraints: 550f496e)
commons-logging:commons-logging:1.2 (1 constraints: c20f9771)
javax.servlet:javax.servlet-api:3.1.0 (1 constraints: 830dcc28)
net.javacrumbs.json-unit:json-unit-core:2.12.0 (1 constraints: e30f649d)
net.minidev:accessors-smart:1.2 (1 constraints: e60926a4)
net.minidev:json-smart:2.3 (1 constraints: a40c49ff)
net.sf.jopt-simple:jopt-simple:5.0.3 (1 constraints: b60f8a8d)
org.apache.httpcomponents:httpclient:4.5.12 (1 constraints: ea0f7c9d)
org.apache.httpcomponents:httpcore:4.4.13 (1 constraints: 591016a2)
org.apiguardian:apiguardian-api:1.1.0 (6 constraints: 7d64a5c6)
org.assertj:assertj-core:3.19.0 (1 constraints: 3f05503b)
org.conscrypt:conscrypt-openjdk-uber:2.2.1 (1 constraints: b30f7f8d)
org.eclipse.jetty:jetty-alpn-client:9.4.30.v20200611 (1 constraints: c115dc1f)
org.eclipse.jetty:jetty-alpn-conscrypt-client:9.4.30.v20200611 (1 constraints: 1e12d649)
org.eclipse.jetty:jetty-alpn-conscrypt-server:9.4.30.v20200611 (1 constraints: 1e12d649)
org.eclipse.jetty:jetty-alpn-server:9.4.30.v20200611 (2 constraints: f627ba05)
org.eclipse.jetty:jetty-client:9.4.30.v20200611 (1 constraints: 9a0fb6ba)
org.eclipse.jetty:jetty-continuation:9.4.30.v20200611 (1 constraints: d010c2f7)
org.eclipse.jetty:jetty-http:9.4.30.v20200611 (4 constraints: d441ddae)
org.eclipse.jetty:jetty-io:9.4.30.v20200611 (7 constraints: 717866bd)
org.eclipse.jetty:jetty-proxy:9.4.30.v20200611 (1 constraints: 1e12d649)
org.eclipse.jetty:jetty-security:9.4.30.v20200611 (1 constraints: 5d10fde1)
org.eclipse.jetty:jetty-server:9.4.30.v20200611 (4 constraints: 8346ee65)
org.eclipse.jetty:jetty-servlet:9.4.30.v20200611 (2 constraints: f421979e)
org.eclipse.jetty:jetty-servlets:9.4.30.v20200611 (1 constraints: 1e12d649)
org.eclipse.jetty:jetty-util:9.4.30.v20200611 (6 constraints: 975d9db2)
org.eclipse.jetty:jetty-webapp:9.4.30.v20200611 (1 constraints: 1e12d649)
org.eclipse.jetty:jetty-xml:9.4.30.v20200611 (1 constraints: d70fdbca)
org.eclipse.jetty.http2:http2-common:9.4.30.v20200611 (1 constraints: d1114c3c)
org.eclipse.jetty.http2:http2-hpack:9.4.30.v20200611 (1 constraints: c311e73a)
org.eclipse.jetty.http2:http2-server:9.4.30.v20200611 (1 constraints: 1e12d649)
org.junit:junit-bom:5.7.1 (7 constraints: c8725cb5)
org.junit.jupiter:junit-jupiter:5.7.1 (2 constraints: 220e3a59)
org.junit.jupiter:junit-jupiter-api:5.7.1 (4 constraints: 83382632)
org.junit.jupiter:junit-jupiter-engine:5.7.1 (2 constraints: 1d177a3c)
org.junit.jupiter:junit-jupiter-params:5.7.1 (2 constraints: 1d177a3c)
org.junit.platform:junit-platform-commons:1.7.1 (3 constraints: e829c52a)
org.junit.platform:junit-platform-engine:1.7.1 (3 constraints: 362a9f5c)
org.junit.vintage:junit-vintage-engine:5.7.1 (1 constraints: 14098995)
org.objenesis:objenesis:2.4 (1 constraints: ea0c8c0a)
org.opentest4j:opentest4j:1.2.0 (3 constraints: 96310d24)
org.ow2.asm:asm:7.0 (1 constraints: 570f576e)
org.spockframework:spock-core:1.3-groovy-2.4 (1 constraints: 7c10f3af)
org.xmlunit:xmlunit-core:2.7.0 (3 constraints: 602a5f6c)
org.xmlunit:xmlunit-legacy:2.7.0 (1 constraints: b70f8d8d)
org.xmlunit:xmlunit-placeholders:2.7.0 (1 constraints: b70f8d8d)
